<Solution>
  <Folder Name="/Solution Items/">
    <File Path="frontend.plan.md" />
    <File Path="plan.md" />
    <File Path="server.plan.md" />
  </Folder>
  <Folder Name="/src/">
    <Project Path="MiniGrid.GameEngine/MiniGrid.GameEngine.csproj" />
  </Folder>
  <Folder Name="/tests/">
    <Project Path="MiniGrid.GameEngine.Tests/MiniGrid.GameEngine.Tests.csproj" Id="09db81be-80ae-4689-af04-4e26b1912c62" />
  </Folder>
</Solution>
